# @generated - this file is auto-generated by `mise lock` https://mise.jdx.dev/dev-tools/mise-lock.html

lockfile_version = 1

[[tools."aqua:zizmorcore/zizmor"]]
version = "1.29.0"
backend = "aqua:zizmorcore/zizmor"
specifiers = ["1.29.0"]

[tools."aqua:zizmorcore/zizmor"."platforms.linux-x64"]
checksum = "sha256:dd96df044a6e8538d5f423790f453bdd03d49e5b2bcc38214acc41a2f1297839"
url = "https://github.com/zizmorcore/zizmor/releases/download/v1.29.0/zizmor-x86_64-unknown-linux-gnu.tar.gz"
url_api = "https://api.github.com/repos/zizmorcore/zizmor/releases/assets/498263145"
provenance = "github-attestations"

[tools."aqua:zizmorcore/zizmor"."platforms.macos-arm64"]
checksum = "sha256:720322fade9e83a9c7953944c438f2ba942636b86b96a8f0e6b15ce94c8a6b6f"
url = "https://github.com/zizmorcore/zizmor/releases/download/v1.29.0/zizmor-aarch64-apple-darwin.tar.gz"
url_api = "https://api.github.com/repos/zizmorcore/zizmor/releases/assets/498263141"
provenance = "github-attestations"

[tools."aqua:zizmorcore/zizmor"."platforms.macos-x64"]
checksum = "sha256:648b72ab9941a7f2a8d65d7b68a8e76cef789538c8df3a3950384d38423375b0"
url = "https://github.com/zizmorcore/zizmor/releases/download/v1.29.0/zizmor-x86_64-apple-darwin.tar.gz"
url_api = "https://api.github.com/repos/zizmorcore/zizmor/releases/assets/498263144"
provenance = "github-attestations"

[tools."aqua:zizmorcore/zizmor"."platforms.windows-x64"]
checksum = "sha256:68a6bc6888f10bf0d53658c75885e7c1b7a0588d4c1fbc3f0ca280ad7324bf06"
url = "https://github.com/zizmorcore/zizmor/releases/download/v1.29.0/zizmor-x86_64-pc-windows-msvc.zip"
url_api = "https://api.github.com/repos/zizmorcore/zizmor/releases/assets/498263142"
provenance = "github-attestations"

[[tools."cargo:cargo-deny"]]
version = "0.20.2"
backend = "cargo:cargo-deny"
specifiers = ["0.20.2"]

[[tools."cargo:cargo-mutants"]]
version = "27.1.0"
backend = "cargo:cargo-mutants"
specifiers = ["27.1.0"]

[[tools."cargo:cargo-outdated"]]
version = "0.19.0"
backend = "cargo:cargo-outdated"
specifiers = ["0.19.0"]

[[tools.node]]
version = "24.21.0"
backend = "core:node"
specifiers = ["24.21.0"]

[tools.node."platforms.linux-x64"]
checksum = "sha256:6e1db87ef58b8819e5d5402eff1536491b18edd8eb7bee5ef7897876e88dc5ff"
url = "https://nodejs.org/dist/v24.21.0/node-v24.21.0-linux-x64.tar.gz"

[tools.node."platforms.macos-arm64"]
checksum = "sha256:bed7eea5325e1108f32ce5228ddd6a5f0f08a499ee42aa7442aea583702f6057"
url = "https://nodejs.org/dist/v24.21.0/node-v24.21.0-darwin-arm64.tar.gz"

[tools.node."platforms.macos-x64"]
checksum = "sha256:1462cb3b3046b815cf8ea436d3da450ec1a9f11dac7e5a46b0ada5305d7e8097"
url = "https://nodejs.org/dist/v24.21.0/node-v24.21.0-darwin-x64.tar.gz"

[tools.node."platforms.windows-x64"]
checksum = "sha256:158f7685b44de51f6c0df1d153526cbcd3e1bc739a8dfc607721cef75de9e541"
url = "https://nodejs.org/dist/v24.21.0/node-v24.21.0-win-x64.zip"

[[tools.rust]]
version = "stable"
backend = "core:rust"
specifiers = ["stable"]

[tools.rust.options]
components = "clippy,rustfmt"
profile = "minimal"
